// !$*UTF8*$!
{
	archiveVersion = 1;
	classes = {
	};
	objectVersion = 46;
	objects = {

/* Begin PBXBuildFile section */
		20CC551D16AD346900DEFB5C /* Localizable.strings in Resources */ = {isa = PBXBuildFile; fileRef = 20CC551F16AD346900DEFB5C /* Localizable.strings */; };
		9F55576815B4C6C3003072A3 /* QuartzCore.framework in Frameworks */ = {isa = PBXBuildFile; fileRef = 9F55576515B4C6B7003072A3 /* QuartzCore.framework */; };
		9F58D85115D66E870027902C /* UICustomNavigationBar.m in Sources */ = {isa = PBXBuildFile; fileRef = 9F58D84E15D66E870027902C /* UICustomNavigationBar.m */; };
		9F58D85215D66E870027902C /* UICustomNavigationController.m in Sources */ = {isa = PBXBuildFile; fileRef = 9F58D85015D66E870027902C /* UICustomNavigationController.m */; };
		9F5EB3BD15FCA3A100E13796 /* NSString+Extensions.m in Sources */ = {isa = PBXBuildFile; fileRef = 9F5EB3BC15FCA3A100E13796 /* NSString+Extensions.m */; };
		9F8FC1C415C55E8C0065F0A3 /* BakerBook.m in Sources */ = {isa = PBXBuildFile; fileRef = 9F8FC1C315C55E8C0065F0A3 /* BakerBook.m */; };
		9FAB40DA162B13CF0088E9C1 /* UIColor+Extensions.m in Sources */ = {isa = PBXBuildFile; fileRef = 9FAB40D9162B13CF0088E9C1 /* UIColor+Extensions.m */; };
		9FF795A715B4C57E00899E51 /* ShelfViewController.m in Sources */ = {isa = PBXBuildFile; fileRef = 9FF795A615B4C57E00899E51 /* ShelfViewController.m */; };
		AB2317D4169F808000BE3BE7 /* PurchasesManager.m in Sources */ = {isa = PBXBuildFile; fileRef = AB2317D3169F808000BE3BE7 /* PurchasesManager.m */; };
		AB246A3116C5BC6E00715E25 /* NSMutableURLRequest+WebServiceClient.m in Sources */ = {isa = PBXBuildFile; fileRef = AB246A3016C5BC6E00715E25 /* NSMutableURLRequest+WebServiceClient.m */; };
		AB26005116011D9D00E9AA66 /* BakerBookStatus.m in Sources */ = {isa = PBXBuildFile; fileRef = AB26005016011D9D00E9AA66 /* BakerBookStatus.m */; };
		AB40045315B4B83000D87E2A /* BakerViewController.m in Sources */ = {isa = PBXBuildFile; fileRef = AB40042B15B4B83000D87E2A /* BakerViewController.m */; };
		AB40045F15B4B83000D87E2A /* IndexViewController.m in Sources */ = {isa = PBXBuildFile; fileRef = AB40043415B4B83000D87E2A /* IndexViewController.m */; };
		AB40046115B4B83000D87E2A /* InterceptorWindow.m in Sources */ = {isa = PBXBuildFile; fileRef = AB40043615B4B83000D87E2A /* InterceptorWindow.m */; };
		AB40046315B4B83000D87E2A /* GTMNSString+HTML.m in Sources */ = {isa = PBXBuildFile; fileRef = AB40043A15B4B83000D87E2A /* GTMNSString+HTML.m */; };
		AB40046715B4B83000D87E2A /* ioapi.c in Sources */ = {isa = PBXBuildFile; fileRef = AB40044015B4B83000D87E2A /* ioapi.c */; };
		AB40046915B4B83000D87E2A /* mztools.c in Sources */ = {isa = PBXBuildFile; fileRef = AB40044215B4B83000D87E2A /* mztools.c */; };
		AB40046B15B4B83000D87E2A /* unzip.c in Sources */ = {isa = PBXBuildFile; fileRef = AB40044415B4B83000D87E2A /* unzip.c */; };
		AB40046D15B4B83000D87E2A /* zip.c in Sources */ = {isa = PBXBuildFile; fileRef = AB40044615B4B83000D87E2A /* zip.c */; };
		AB40046F15B4B83000D87E2A /* SSZipArchive.m in Sources */ = {isa = PBXBuildFile; fileRef = AB40044915B4B83000D87E2A /* SSZipArchive.m */; };
		AB40047115B4B83000D87E2A /* Utils.m in Sources */ = {isa = PBXBuildFile; fileRef = AB40044B15B4B83000D87E2A /* Utils.m */; };
		AB40047315B4B83000D87E2A /* ModalViewController.m in Sources */ = {isa = PBXBuildFile; fileRef = AB40044D15B4B83000D87E2A /* ModalViewController.m */; };
		AB40047715B4B83000D87E2A /* PageTitleLabel.m in Sources */ = {isa = PBXBuildFile; fileRef = AB40045215B4B83000D87E2A /* PageTitleLabel.m */; };
		AB40048115B4B90200D87E2A /* MessageUI.framework in Frameworks */ = {isa = PBXBuildFile; fileRef = AB40048015B4B90200D87E2A /* MessageUI.framework */; };
		AB40048315B4B90A00D87E2A /* libz.dylib in Frameworks */ = {isa = PBXBuildFile; fileRef = AB40048215B4B90A00D87E2A /* libz.dylib */; };
		AB40048515B4BB8B00D87E2A /* books in Resources */ = {isa = PBXBuildFile; fileRef = AB40048415B4BB8B00D87E2A /* books */; };
		AB5D48D01609178900828D16 /* NewsstandKit.framework in Frameworks */ = {isa = PBXBuildFile; fileRef = AB5D48CD1609176A00828D16 /* NewsstandKit.framework */; };
		AB67F5BA16EE99B2005A04F6 /* Reachability.m in Sources */ = {isa = PBXBuildFile; fileRef = AB67F5B916EE99B2005A04F6 /* Reachability.m */; };
		AB67F5BC16EE9B79005A04F6 /* SystemConfiguration.framework in Frameworks */ = {isa = PBXBuildFile; fileRef = AB67F5BB16EE9B79005A04F6 /* SystemConfiguration.framework */; };
		ABABF1A81646C06100A75E67 /* StoreKit.framework in Frameworks */ = {isa = PBXBuildFile; fileRef = ABABF1A51646C04D00A75E67 /* StoreKit.framework */; };
		ABADF3F916C7BAD900F52F3C /* NSURL+Extensions.m in Sources */ = {isa = PBXBuildFile; fileRef = ABADF3F816C7BAD900F52F3C /* NSURL+Extensions.m */; };
		ABAFB58C15AB9A2E002FA498 /* UIKit.framework in Frameworks */ = {isa = PBXBuildFile; fileRef = ABAFB58B15AB9A2E002FA498 /* UIKit.framework */; };
		ABAFB58E15AB9A2E002FA498 /* Foundation.framework in Frameworks */ = {isa = PBXBuildFile; fileRef = ABAFB58D15AB9A2E002FA498 /* Foundation.framework */; };
		ABAFB59015AB9A2E002FA498 /* CoreGraphics.framework in Frameworks */ = {isa = PBXBuildFile; fileRef = ABAFB58F15AB9A2E002FA498 /* CoreGraphics.framework */; };
		ABAFB59815AB9A2E002FA498 /* main.m in Sources */ = {isa = PBXBuildFile; fileRef = ABAFB59715AB9A2E002FA498 /* main.m */; };
		ABAFB59C15AB9A2E002FA498 /* AppDelegate.m in Sources */ = {isa = PBXBuildFile; fileRef = ABAFB59B15AB9A2E002FA498 /* AppDelegate.m */; };
		ABBFD8F216C6614300BA64A4 /* NSString+UUID.m in Sources */ = {isa = PBXBuildFile; fileRef = ABBFD8F116C6614300BA64A4 /* NSString+UUID.m */; };
		ABC270D11616F3CB00AD97E9 /* IssuesManager.m in Sources */ = {isa = PBXBuildFile; fileRef = ABC270D01616F3CB00AD97E9 /* IssuesManager.m */; };
		ABD245531639E3650080F056 /* AVFoundation.framework in Frameworks */ = {isa = PBXBuildFile; fileRef = ABD245521639E3650080F056 /* AVFoundation.framework */; };
		ABD24C1E1620309B0042E49C /* IssueViewController.m in Sources */ = {isa = PBXBuildFile; fileRef = ABD24C1D1620309B0042E49C /* IssueViewController.m */; };
		ABD6FC4016544EAD0032BC44 /* NSData+Base64.m in Sources */ = {isa = PBXBuildFile; fileRef = ABD6FC3F16544EAD0032BC44 /* NSData+Base64.m */; };
		ABD7D45F1616FC5B008B13B5 /* BakerIssue.m in Sources */ = {isa = PBXBuildFile; fileRef = ABD7D45E1616FC5B008B13B5 /* BakerIssue.m */; };
		ABDC05AF16A4C42A00F6B63D /* JSONStatus.m in Sources */ = {isa = PBXBuildFile; fileRef = ABDC05AE16A4C42A00F6B63D /* JSONStatus.m */; };
		ABDC05B216A4CB3900F6B63D /* ShelfStatus.m in Sources */ = {isa = PBXBuildFile; fileRef = ABDC05B116A4CB3900F6B63D /* ShelfStatus.m */; };
		ABF23B1D1708418E003AA3B0 /* BakerAPI.m in Sources */ = {isa = PBXBuildFile; fileRef = ABF23B1C1708418E003AA3B0 /* BakerAPI.m */; };
		BF0785EB1794AF4000EB988E /* info in Resources */ = {isa = PBXBuildFile; fileRef = BF0785EA1794AF4000EB988E /* info */; };
		BF78D1B0180C8F070093DFBC /* BakerAssets.xcassets in Resources */ = {isa = PBXBuildFile; fileRef = BF78D1AF180C8F070093DFBC /* BakerAssets.xcassets */; };
		BFAB78D317B2A67E00E91ADE /* BakerAnalyticsEvents.m in Sources */ = {isa = PBXBuildFile; fileRef = BFAB78D217B2A67E00E91ADE /* BakerAnalyticsEvents.m */; };
/* End PBXBuildFile section */

/* Begin PBXFileReference section */
		20CC551E16AD346900DEFB5C /* en */ = {isa = PBXFileReference; lastKnownFileType = text.plist.strings; name = en; path = en.lproj/Localizable.strings; sourceTree = "<group>"; };
		9F55576515B4C6B7003072A3 /* QuartzCore.framework */ = {isa = PBXFileReference; lastKnownFileType = wrapper.framework; name = QuartzCore.framework; path = System/Library/Frameworks/QuartzCore.framework; sourceTree = SDKROOT; };
		9F58D84D15D66E870027902C /* UICustomNavigationBar.h */ = {isa = PBXFileReference; fileEncoding = 4; lastKnownFileType = sourcecode.c.h; path = UICustomNavigationBar.h; sourceTree = "<group>"; };
		9F58D84E15D66E870027902C /* UICustomNavigationBar.m */ = {isa = PBXFileReference; fileEncoding = 4; lastKnownFileType = sourcecode.c.objc; path = UICustomNavigationBar.m; sourceTree = "<group>"; };
		9F58D84F15D66E870027902C /* UICustomNavigationController.h */ = {isa = PBXFileReference; fileEncoding = 4; lastKnownFileType = sourcecode.c.h; path = UICustomNavigationController.h; sourceTree = "<group>"; };
		9F58D85015D66E870027902C /* UICustomNavigationController.m */ = {isa = PBXFileReference; fileEncoding = 4; lastKnownFileType = sourcecode.c.objc; path = UICustomNavigationController.m; sourceTree = "<group>"; };
		9F5EB3BB15FCA3A100E13796 /* NSString+Extensions.h */ = {isa = PBXFileReference; fileEncoding = 4; lastKnownFileType = sourcecode.c.h; path = "NSString+Extensions.h"; sourceTree = "<group>"; };
		9F5EB3BC15FCA3A100E13796 /* NSString+Extensions.m */ = {isa = PBXFileReference; fileEncoding = 4; lastKnownFileType = sourcecode.c.objc; path = "NSString+Extensions.m"; sourceTree = "<group>"; };
		9F8FC1C215C55E8C0065F0A3 /* BakerBook.h */ = {isa = PBXFileReference; fileEncoding = 4; lastKnownFileType = sourcecode.c.h; path = BakerBook.h; sourceTree = "<group>"; };
		9F8FC1C315C55E8C0065F0A3 /* BakerBook.m */ = {isa = PBXFileReference; fileEncoding = 4; lastKnownFileType = sourcecode.c.objc; path = BakerBook.m; sourceTree = "<group>"; };
		9FAB40D8162B13CF0088E9C1 /* UIColor+Extensions.h */ = {isa = PBXFileReference; fileEncoding = 4; lastKnownFileType = sourcecode.c.h; path = "UIColor+Extensions.h"; sourceTree = "<group>"; };
		9FAB40D9162B13CF0088E9C1 /* UIColor+Extensions.m */ = {isa = PBXFileReference; fileEncoding = 4; lastKnownFileType = sourcecode.c.objc; path = "UIColor+Extensions.m"; sourceTree = "<group>"; };
		9FF795A515B4C57D00899E51 /* ShelfViewController.h */ = {isa = PBXFileReference; fileEncoding = 4; lastKnownFileType = sourcecode.c.h; path = ShelfViewController.h; sourceTree = "<group>"; };
		9FF795A615B4C57E00899E51 /* ShelfViewController.m */ = {isa = PBXFileReference; fileEncoding = 4; lastKnownFileType = sourcecode.c.objc; path = ShelfViewController.m; sourceTree = "<group>"; };
		AB2317D2169F808000BE3BE7 /* PurchasesManager.h */ = {isa = PBXFileReference; fileEncoding = 4; lastKnownFileType = sourcecode.c.h; path = PurchasesManager.h; sourceTree = "<group>"; };
		AB2317D3169F808000BE3BE7 /* PurchasesManager.m */ = {isa = PBXFileReference; fileEncoding = 4; lastKnownFileType = sourcecode.c.objc; path = PurchasesManager.m; sourceTree = "<group>"; };
		AB246A2F16C5BC6E00715E25 /* NSMutableURLRequest+WebServiceClient.h */ = {isa = PBXFileReference; fileEncoding = 4; lastKnownFileType = sourcecode.c.h; path = "NSMutableURLRequest+WebServiceClient.h"; sourceTree = "<group>"; };
		AB246A3016C5BC6E00715E25 /* NSMutableURLRequest+WebServiceClient.m */ = {isa = PBXFileReference; fileEncoding = 4; lastKnownFileType = sourcecode.c.objc; path = "NSMutableURLRequest+WebServiceClient.m"; sourceTree = "<group>"; };
		AB26004F16011D9D00E9AA66 /* BakerBookStatus.h */ = {isa = PBXFileReference; fileEncoding = 4; lastKnownFileType = sourcecode.c.h; path = BakerBookStatus.h; sourceTree = "<group>"; };
		AB26005016011D9D00E9AA66 /* BakerBookStatus.m */ = {isa = PBXFileReference; fileEncoding = 4; lastKnownFileType = sourcecode.c.objc; path = BakerBookStatus.m; sourceTree = "<group>"; };
		AB3496BB1661472A00AEB508 /* UIConstants.h */ = {isa = PBXFileReference; lastKnownFileType = sourcecode.c.h; path = UIConstants.h; sourceTree = "<group>"; };
		AB379313161759A900B4C1A3 /* Constants.h */ = {isa = PBXFileReference; fileEncoding = 4; lastKnownFileType = sourcecode.c.h; path = Constants.h; sourceTree = "<group>"; };
		AB40042A15B4B83000D87E2A /* BakerViewController.h */ = {isa = PBXFileReference; fileEncoding = 4; lastKnownFileType = sourcecode.c.h; path = BakerViewController.h; sourceTree = "<group>"; };
		AB40042B15B4B83000D87E2A /* BakerViewController.m */ = {isa = PBXFileReference; fileEncoding = 4; lastKnownFileType = sourcecode.c.objc; path = BakerViewController.m; sourceTree = "<group>"; };
		AB40043315B4B83000D87E2A /* IndexViewController.h */ = {isa = PBXFileReference; fileEncoding = 4; lastKnownFileType = sourcecode.c.h; path = IndexViewController.h; sourceTree = "<group>"; };
		AB40043415B4B83000D87E2A /* IndexViewController.m */ = {isa = PBXFileReference; fileEncoding = 4; lastKnownFileType = sourcecode.c.objc; path = IndexViewController.m; sourceTree = "<group>"; };
		AB40043515B4B83000D87E2A /* InterceptorWindow.h */ = {isa = PBXFileReference; fileEncoding = 4; lastKnownFileType = sourcecode.c.h; path = InterceptorWindow.h; sourceTree = "<group>"; };
		AB40043615B4B83000D87E2A /* InterceptorWindow.m */ = {isa = PBXFileReference; fileEncoding = 4; lastKnownFileType = sourcecode.c.objc; path = InterceptorWindow.m; sourceTree = "<group>"; };
		AB40043815B4B83000D87E2A /* GTMDefines.h */ = {isa = PBXFileReference; fileEncoding = 4; lastKnownFileType = sourcecode.c.h; path = GTMDefines.h; sourceTree = "<group>"; };
		AB40043915B4B83000D87E2A /* GTMNSString+HTML.h */ = {isa = PBXFileReference; fileEncoding = 4; lastKnownFileType = sourcecode.c.h; path = "GTMNSString+HTML.h"; sourceTree = "<group>"; };
		AB40043A15B4B83000D87E2A /* GTMNSString+HTML.m */ = {isa = PBXFileReference; fileEncoding = 4; lastKnownFileType = sourcecode.c.objc; path = "GTMNSString+HTML.m"; sourceTree = "<group>"; };
		AB40043F15B4B83000D87E2A /* crypt.h */ = {isa = PBXFileReference; fileEncoding = 4; lastKnownFileType = sourcecode.c.h; path = crypt.h; sourceTree = "<group>"; };
		AB40044015B4B83000D87E2A /* ioapi.c */ = {isa = PBXFileReference; fileEncoding = 4; lastKnownFileType = sourcecode.c.c; path = ioapi.c; sourceTree = "<group>"; };
		AB40044115B4B83000D87E2A /* ioapi.h */ = {isa = PBXFileReference; fileEncoding = 4; lastKnownFileType = sourcecode.c.h; path = ioapi.h; sourceTree = "<group>"; };
		AB40044215B4B83000D87E2A /* mztools.c */ = {isa = PBXFileReference; fileEncoding = 4; lastKnownFileType = sourcecode.c.c; path = mztools.c; sourceTree = "<group>"; };
		AB40044315B4B83000D87E2A /* mztools.h */ = {isa = PBXFileReference; fileEncoding = 4; lastKnownFileType = sourcecode.c.h; path = mztools.h; sourceTree = "<group>"; };
		AB40044415B4B83000D87E2A /* unzip.c */ = {isa = PBXFileReference; fileEncoding = 4; lastKnownFileType = sourcecode.c.c; path = unzip.c; sourceTree = "<group>"; };
		AB40044515B4B83000D87E2A /* unzip.h */ = {isa = PBXFileReference; fileEncoding = 4; lastKnownFileType = sourcecode.c.h; path = unzip.h; sourceTree = "<group>"; };
		AB40044615B4B83000D87E2A /* zip.c */ = {isa = PBXFileReference; fileEncoding = 4; lastKnownFileType = sourcecode.c.c; path = zip.c; sourceTree = "<group>"; };
		AB40044715B4B83000D87E2A /* zip.h */ = {isa = PBXFileReference; fileEncoding = 4; lastKnownFileType = sourcecode.c.h; path = zip.h; sourceTree = "<group>"; };
		AB40044815B4B83000D87E2A /* SSZipArchive.h */ = {isa = PBXFileReference; fileEncoding = 4; lastKnownFileType = sourcecode.c.h; path = SSZipArchive.h; sourceTree = "<group>"; };
		AB40044915B4B83000D87E2A /* SSZipArchive.m */ = {isa = PBXFileReference; fileEncoding = 4; lastKnownFileType = sourcecode.c.objc; path = SSZipArchive.m; sourceTree = "<group>"; };
		AB40044A15B4B83000D87E2A /* Utils.h */ = {isa = PBXFileReference; fileEncoding = 4; lastKnownFileType = sourcecode.c.h; path = Utils.h; sourceTree = "<group>"; };
		AB40044B15B4B83000D87E2A /* Utils.m */ = {isa = PBXFileReference; fileEncoding = 4; lastKnownFileType = sourcecode.c.objc; path = Utils.m; sourceTree = "<group>"; };
		AB40044C15B4B83000D87E2A /* ModalViewController.h */ = {isa = PBXFileReference; fileEncoding = 4; lastKnownFileType = sourcecode.c.h; path = ModalViewController.h; sourceTree = "<group>"; };
		AB40044D15B4B83000D87E2A /* ModalViewController.m */ = {isa = PBXFileReference; fileEncoding = 4; lastKnownFileType = sourcecode.c.objc; path = ModalViewController.m; sourceTree = "<group>"; };
		AB40045115B4B83000D87E2A /* PageTitleLabel.h */ = {isa = PBXFileReference; fileEncoding = 4; lastKnownFileType = sourcecode.c.h; path = PageTitleLabel.h; sourceTree = "<group>"; };
		AB40045215B4B83000D87E2A /* PageTitleLabel.m */ = {isa = PBXFileReference; fileEncoding = 4; lastKnownFileType = sourcecode.c.objc; path = PageTitleLabel.m; sourceTree = "<group>"; };
		AB40048015B4B90200D87E2A /* MessageUI.framework */ = {isa = PBXFileReference; lastKnownFileType = wrapper.framework; name = MessageUI.framework; path = System/Library/Frameworks/MessageUI.framework; sourceTree = SDKROOT; };
		AB40048215B4B90A00D87E2A /* libz.dylib */ = {isa = PBXFileReference; lastKnownFileType = "compiled.mach-o.dylib"; name = libz.dylib; path = usr/lib/libz.dylib; sourceTree = SDKROOT; };
		AB40048415B4BB8B00D87E2A /* books */ = {isa = PBXFileReference; lastKnownFileType = folder; path = books; sourceTree = "<group>"; };
		AB5D48CD1609176A00828D16 /* NewsstandKit.framework */ = {isa = PBXFileReference; lastKnownFileType = wrapper.framework; name = NewsstandKit.framework; path = System/Library/Frameworks/NewsstandKit.framework; sourceTree = SDKROOT; };
		AB67F5B816EE99B2005A04F6 /* Reachability.h */ = {isa = PBXFileReference; fileEncoding = 4; lastKnownFileType = sourcecode.c.h; path = Reachability.h; sourceTree = "<group>"; };
		AB67F5B916EE99B2005A04F6 /* Reachability.m */ = {isa = PBXFileReference; fileEncoding = 4; lastKnownFileType = sourcecode.c.objc; path = Reachability.m; sourceTree = "<group>"; };
		AB67F5BB16EE9B79005A04F6 /* SystemConfiguration.framework */ = {isa = PBXFileReference; lastKnownFileType = wrapper.framework; name = SystemConfiguration.framework; path = System/Library/Frameworks/SystemConfiguration.framework; sourceTree = SDKROOT; };
		ABABF1A51646C04D00A75E67 /* StoreKit.framework */ = {isa = PBXFileReference; lastKnownFileType = wrapper.framework; name = StoreKit.framework; path = System/Library/Frameworks/StoreKit.framework; sourceTree = SDKROOT; };
		ABADF3F716C7BAD900F52F3C /* NSURL+Extensions.h */ = {isa = PBXFileReference; fileEncoding = 4; lastKnownFileType = sourcecode.c.h; path = "NSURL+Extensions.h"; sourceTree = "<group>"; };
		ABADF3F816C7BAD900F52F3C /* NSURL+Extensions.m */ = {isa = PBXFileReference; fileEncoding = 4; lastKnownFileType = sourcecode.c.objc; path = "NSURL+Extensions.m"; sourceTree = "<group>"; };
		ABAFB58715AB9A2E002FA498 /* Baker.app */ = {isa = PBXFileReference; explicitFileType = wrapper.application; includeInIndex = 0; path = Baker.app; sourceTree = BUILT_PRODUCTS_DIR; };
		ABAFB58B15AB9A2E002FA498 /* UIKit.framework */ = {isa = PBXFileReference; lastKnownFileType = wrapper.framework; name = UIKit.framework; path = System/Library/Frameworks/UIKit.framework; sourceTree = SDKROOT; };
		ABAFB58D15AB9A2E002FA498 /* Foundation.framework */ = {isa = PBXFileReference; lastKnownFileType = wrapper.framework; name = Foundation.framework; path = System/Library/Frameworks/Foundation.framework; sourceTree = SDKROOT; };
		ABAFB58F15AB9A2E002FA498 /* CoreGraphics.framework */ = {isa = PBXFileReference; lastKnownFileType = wrapper.framework; name = CoreGraphics.framework; path = System/Library/Frameworks/CoreGraphics.framework; sourceTree = SDKROOT; };
		ABAFB59315AB9A2E002FA498 /* Baker-Info.plist */ = {isa = PBXFileReference; lastKnownFileType = text.plist.xml; path = "Baker-Info.plist"; sourceTree = "<group>"; };
		ABAFB59715AB9A2E002FA498 /* main.m */ = {isa = PBXFileReference; lastKnownFileType = sourcecode.c.objc; path = main.m; sourceTree = "<group>"; };
		ABAFB59915AB9A2E002FA498 /* Baker-Prefix.pch */ = {isa = PBXFileReference; lastKnownFileType = sourcecode.c.h; path = "Baker-Prefix.pch"; sourceTree = "<group>"; };
		ABAFB59A15AB9A2E002FA498 /* AppDelegate.h */ = {isa = PBXFileReference; lastKnownFileType = sourcecode.c.h; path = AppDelegate.h; sourceTree = "<group>"; };
		ABAFB59B15AB9A2E002FA498 /* AppDelegate.m */ = {isa = PBXFileReference; lastKnownFileType = sourcecode.c.objc; path = AppDelegate.m; sourceTree = "<group>"; };
		ABBFD8F016C6614300BA64A4 /* NSString+UUID.h */ = {isa = PBXFileReference; fileEncoding = 4; lastKnownFileType = sourcecode.c.h; path = "NSString+UUID.h"; sourceTree = "<group>"; };
		ABBFD8F116C6614300BA64A4 /* NSString+UUID.m */ = {isa = PBXFileReference; fileEncoding = 4; lastKnownFileType = sourcecode.c.objc; path = "NSString+UUID.m"; sourceTree = "<group>"; };
		ABC270CF1616F3CB00AD97E9 /* IssuesManager.h */ = {isa = PBXFileReference; fileEncoding = 4; lastKnownFileType = sourcecode.c.h; path = IssuesManager.h; sourceTree = "<group>"; };
		ABC270D01616F3CB00AD97E9 /* IssuesManager.m */ = {isa = PBXFileReference; fileEncoding = 4; lastKnownFileType = sourcecode.c.objc; path = IssuesManager.m; sourceTree = "<group>"; };
		ABD245521639E3650080F056 /* AVFoundation.framework */ = {isa = PBXFileReference; lastKnownFileType = wrapper.framework; name = AVFoundation.framework; path = System/Library/Frameworks/AVFoundation.framework; sourceTree = SDKROOT; };
		ABD24C1C1620309B0042E49C /* IssueViewController.h */ = {isa = PBXFileReference; fileEncoding = 4; lastKnownFileType = sourcecode.c.h; path = IssueViewController.h; sourceTree = "<group>"; };
		ABD24C1D1620309B0042E49C /* IssueViewController.m */ = {isa = PBXFileReference; fileEncoding = 4; lastKnownFileType = sourcecode.c.objc; path = IssueViewController.m; sourceTree = "<group>"; };
		ABD6FC3E16544EAD0032BC44 /* NSData+Base64.h */ = {isa = PBXFileReference; fileEncoding = 4; lastKnownFileType = sourcecode.c.h; path = "NSData+Base64.h"; sourceTree = "<group>"; };
		ABD6FC3F16544EAD0032BC44 /* NSData+Base64.m */ = {isa = PBXFileReference; fileEncoding = 4; lastKnownFileType = sourcecode.c.objc; path = "NSData+Base64.m"; sourceTree = "<group>"; };
		ABD7D45D1616FC5B008B13B5 /* BakerIssue.h */ = {isa = PBXFileReference; fileEncoding = 4; lastKnownFileType = sourcecode.c.h; path = BakerIssue.h; sourceTree = "<group>"; };
		ABD7D45E1616FC5B008B13B5 /* BakerIssue.m */ = {isa = PBXFileReference; fileEncoding = 4; lastKnownFileType = sourcecode.c.objc; path = BakerIssue.m; sourceTree = "<group>"; };
		ABDC05AD16A4C42A00F6B63D /* JSONStatus.h */ = {isa = PBXFileReference; fileEncoding = 4; lastKnownFileType = sourcecode.c.h; path = JSONStatus.h; sourceTree = "<group>"; };
		ABDC05AE16A4C42A00F6B63D /* JSONStatus.m */ = {isa = PBXFileReference; fileEncoding = 4; lastKnownFileType = sourcecode.c.objc; path = JSONStatus.m; sourceTree = "<group>"; };
		ABDC05B016A4CB3900F6B63D /* ShelfStatus.h */ = {isa = PBXFileReference; fileEncoding = 4; lastKnownFileType = sourcecode.c.h; path = ShelfStatus.h; sourceTree = "<group>"; };
		ABDC05B116A4CB3900F6B63D /* ShelfStatus.m */ = {isa = PBXFileReference; fileEncoding = 4; lastKnownFileType = sourcecode.c.objc; path = ShelfStatus.m; sourceTree = "<group>"; };
		ABF23B1B1708418E003AA3B0 /* BakerAPI.h */ = {isa = PBXFileReference; fileEncoding = 4; lastKnownFileType = sourcecode.c.h; path = BakerAPI.h; sourceTree = "<group>"; };
		ABF23B1C1708418E003AA3B0 /* BakerAPI.m */ = {isa = PBXFileReference; fileEncoding = 4; lastKnownFileType = sourcecode.c.objc; path = BakerAPI.m; sourceTree = "<group>"; };
		BF0785EA1794AF4000EB988E /* info */ = {isa = PBXFileReference; lastKnownFileType = folder; path = info; sourceTree = "<group>"; };
		BF78D1AF180C8F070093DFBC /* BakerAssets.xcassets */ = {isa = PBXFileReference; lastKnownFileType = folder.assetcatalog; name = BakerAssets.xcassets; path = Baker/BakerAssets.xcassets; sourceTree = "<group>"; };
		BFAB78D117B2A67E00E91ADE /* BakerAnalyticsEvents.h */ = {isa = PBXFileReference; fileEncoding = 4; lastKnownFileType = sourcecode.c.h; path = BakerAnalyticsEvents.h; sourceTree = "<group>"; };
		BFAB78D217B2A67E00E91ADE /* BakerAnalyticsEvents.m */ = {isa = PBXFileReference; fileEncoding = 4; lastKnownFileType = sourcecode.c.objc; path = BakerAnalyticsEvents.m; sourceTree = "<group>"; };
/* End PBXFileReference section */

/* Begin PBXFrameworksBuildPhase section */
		ABAFB58415AB9A2E002FA498 /* Frameworks */ = {
			isa = PBXFrameworksBuildPhase;
			buildActionMask = 2147483647;
			files = (
				AB67F5BC16EE9B79005A04F6 /* SystemConfiguration.framework in Frameworks */,
				ABD245531639E3650080F056 /* AVFoundation.framework in Frameworks */,
				ABABF1A81646C06100A75E67 /* StoreKit.framework in Frameworks */,
				AB5D48D01609178900828D16 /* NewsstandKit.framework in Frameworks */,
				ABAFB58C15AB9A2E002FA498 /* UIKit.framework in Frameworks */,
				ABAFB58E15AB9A2E002FA498 /* Foundation.framework in Frameworks */,
				ABAFB59015AB9A2E002FA498 /* CoreGraphics.framework in Frameworks */,
				9F55576815B4C6C3003072A3 /* QuartzCore.framework in Frameworks */,
				AB40048115B4B90200D87E2A /* MessageUI.framework in Frameworks */,
				AB40048315B4B90A00D87E2A /* libz.dylib in Frameworks */,
			);
			runOnlyForDeploymentPostprocessing = 0;
		};
/* End PBXFrameworksBuildPhase section */

/* Begin PBXGroup section */
		9F58D85E15D6743C0027902C /* img */ = {
			isa = PBXGroup;
			children = (
			);
			path = img;
			sourceTree = "<group>";
		};
		9FF7957E15B4C4F600899E51 /* lib */ = {
			isa = PBXGroup;
			children = (
				ABD6FC3E16544EAD0032BC44 /* NSData+Base64.h */,
				ABD6FC3F16544EAD0032BC44 /* NSData+Base64.m */,
				9F5EB3BB15FCA3A100E13796 /* NSString+Extensions.h */,
				9F5EB3BC15FCA3A100E13796 /* NSString+Extensions.m */,
				9FAB40D8162B13CF0088E9C1 /* UIColor+Extensions.h */,
				9FAB40D9162B13CF0088E9C1 /* UIColor+Extensions.m */,
				AB246A2F16C5BC6E00715E25 /* NSMutableURLRequest+WebServiceClient.h */,
				AB246A3016C5BC6E00715E25 /* NSMutableURLRequest+WebServiceClient.m */,
				ABBFD8F016C6614300BA64A4 /* NSString+UUID.h */,
				ABBFD8F116C6614300BA64A4 /* NSString+UUID.m */,
				ABADF3F716C7BAD900F52F3C /* NSURL+Extensions.h */,
				ABADF3F816C7BAD900F52F3C /* NSURL+Extensions.m */,
				AB67F5B816EE99B2005A04F6 /* Reachability.h */,
				AB67F5B916EE99B2005A04F6 /* Reachability.m */,
			);
			path = lib;
			sourceTree = "<group>";
		};
		AB40042915B4B83000D87E2A /* BakerView */ = {
			isa = PBXGroup;
			children = (
				AB40042E15B4B83000D87E2A /* img */,
				AB40043715B4B83000D87E2A /* lib */,
				AB40045015B4B83000D87E2A /* ui */,
				9F8FC1C215C55E8C0065F0A3 /* BakerBook.h */,
				9F8FC1C315C55E8C0065F0A3 /* BakerBook.m */,
				AB26004F16011D9D00E9AA66 /* BakerBookStatus.h */,
				AB26005016011D9D00E9AA66 /* BakerBookStatus.m */,
				AB40042A15B4B83000D87E2A /* BakerViewController.h */,
				AB40042B15B4B83000D87E2A /* BakerViewController.m */,
				AB40043315B4B83000D87E2A /* IndexViewController.h */,
				AB40043415B4B83000D87E2A /* IndexViewController.m */,
				AB40043515B4B83000D87E2A /* InterceptorWindow.h */,
				AB40043615B4B83000D87E2A /* InterceptorWindow.m */,
				AB40044C15B4B83000D87E2A /* ModalViewController.h */,
				AB40044D15B4B83000D87E2A /* ModalViewController.m */,
			);
			path = BakerView;
			sourceTree = "<group>";
		};
		AB40042E15B4B83000D87E2A /* img */ = {
			isa = PBXGroup;
			children = (
			);
			path = img;
			sourceTree = "<group>";
		};
		AB40043715B4B83000D87E2A /* lib */ = {
			isa = PBXGroup;
			children = (
				AB40043E15B4B83000D87E2A /* minizip */,
				AB40043815B4B83000D87E2A /* GTMDefines.h */,
				AB40043915B4B83000D87E2A /* GTMNSString+HTML.h */,
				AB40043A15B4B83000D87E2A /* GTMNSString+HTML.m */,
				AB40044815B4B83000D87E2A /* SSZipArchive.h */,
				AB40044915B4B83000D87E2A /* SSZipArchive.m */,
				AB40044A15B4B83000D87E2A /* Utils.h */,
				AB40044B15B4B83000D87E2A /* Utils.m */,
				ABDC05AD16A4C42A00F6B63D /* JSONStatus.h */,
				ABDC05AE16A4C42A00F6B63D /* JSONStatus.m */,
			);
			path = lib;
			sourceTree = "<group>";
		};
		AB40043E15B4B83000D87E2A /* minizip */ = {
			isa = PBXGroup;
			children = (
				AB40043F15B4B83000D87E2A /* crypt.h */,
				AB40044015B4B83000D87E2A /* ioapi.c */,
				AB40044115B4B83000D87E2A /* ioapi.h */,
				AB40044215B4B83000D87E2A /* mztools.c */,
				AB40044315B4B83000D87E2A /* mztools.h */,
				AB40044415B4B83000D87E2A /* unzip.c */,
				AB40044515B4B83000D87E2A /* unzip.h */,
				AB40044615B4B83000D87E2A /* zip.c */,
				AB40044715B4B83000D87E2A /* zip.h */,
			);
			path = minizip;
			sourceTree = "<group>";
		};
		AB40045015B4B83000D87E2A /* ui */ = {
			isa = PBXGroup;
			children = (
				AB40045115B4B83000D87E2A /* PageTitleLabel.h */,
				AB40045215B4B83000D87E2A /* PageTitleLabel.m */,
			);
			path = ui;
			sourceTree = "<group>";
		};
		AB40047B15B4B8B800D87E2A /* BakerShelf */ = {
			isa = PBXGroup;
			children = (
				BF0785EA1794AF4000EB988E /* info */,
				AB379313161759A900B4C1A3 /* Constants.h */,
				AB3496BB1661472A00AEB508 /* UIConstants.h */,
				9F58D85E15D6743C0027902C /* img */,
				9FF7957E15B4C4F600899E51 /* lib */,
				ABD7D45D1616FC5B008B13B5 /* BakerIssue.h */,
				ABD7D45E1616FC5B008B13B5 /* BakerIssue.m */,
				ABC270CF1616F3CB00AD97E9 /* IssuesManager.h */,
				ABC270D01616F3CB00AD97E9 /* IssuesManager.m */,
				ABD24C1C1620309B0042E49C /* IssueViewController.h */,
				ABD24C1D1620309B0042E49C /* IssueViewController.m */,
				AB2317D2169F808000BE3BE7 /* PurchasesManager.h */,
				AB2317D3169F808000BE3BE7 /* PurchasesManager.m */,
				ABDC05B016A4CB3900F6B63D /* ShelfStatus.h */,
				ABDC05B116A4CB3900F6B63D /* ShelfStatus.m */,
				9FF795A515B4C57D00899E51 /* ShelfViewController.h */,
				9FF795A615B4C57E00899E51 /* ShelfViewController.m */,
				9F58D84D15D66E870027902C /* UICustomNavigationBar.h */,
				9F58D84E15D66E870027902C /* UICustomNavigationBar.m */,
				9F58D84F15D66E870027902C /* UICustomNavigationController.h */,
				9F58D85015D66E870027902C /* UICustomNavigationController.m */,
				ABF23B1B1708418E003AA3B0 /* BakerAPI.h */,
				ABF23B1C1708418E003AA3B0 /* BakerAPI.m */,
			);
			path = BakerShelf;
			sourceTree = "<group>";
		};
		ABAFB57C15AB9A2E002FA498 = {
			isa = PBXGroup;
			children = (
				AB40048415B4BB8B00D87E2A /* books */,
				BF78D1AF180C8F070093DFBC /* BakerAssets.xcassets */,
				AB40047B15B4B8B800D87E2A /* BakerShelf */,
				AB40042915B4B83000D87E2A /* BakerView */,
				ABAFB59115AB9A2E002FA498 /* Baker */,
				ABAFB58A15AB9A2E002FA498 /* Frameworks */,
				ABAFB58815AB9A2E002FA498 /* Products */,
			);
			sourceTree = "<group>";
		};
		ABAFB58815AB9A2E002FA498 /* Products */ = {
			isa = PBXGroup;
			children = (
				ABAFB58715AB9A2E002FA498 /* Baker.app */,
			);
			name = Products;
			sourceTree = "<group>";
		};
		ABAFB58A15AB9A2E002FA498 /* Frameworks */ = {
			isa = PBXGroup;
			children = (
				AB67F5BB16EE9B79005A04F6 /* SystemConfiguration.framework */,
				ABABF1A51646C04D00A75E67 /* StoreKit.framework */,
				ABD245521639E3650080F056 /* AVFoundation.framework */,
				AB5D48CD1609176A00828D16 /* NewsstandKit.framework */,
				ABAFB58B15AB9A2E002FA498 /* UIKit.framework */,
				ABAFB58D15AB9A2E002FA498 /* Foundation.framework */,
				ABAFB58F15AB9A2E002FA498 /* CoreGraphics.framework */,
				9F55576515B4C6B7003072A3 /* QuartzCore.framework */,
				AB40048015B4B90200D87E2A /* MessageUI.framework */,
				AB40048215B4B90A00D87E2A /* libz.dylib */,
			);
			name = Frameworks;
			sourceTree = "<group>";
		};
		ABAFB59115AB9A2E002FA498 /* Baker */ = {
			isa = PBXGroup;
			children = (
				ABAFB59A15AB9A2E002FA498 /* AppDelegate.h */,
				ABAFB59B15AB9A2E002FA498 /* AppDelegate.m */,
				BFAB78D117B2A67E00E91ADE /* BakerAnalyticsEvents.h */,
				BFAB78D217B2A67E00E91ADE /* BakerAnalyticsEvents.m */,
				ABAFB59215AB9A2E002FA498 /* Supporting Files */,
			);
			path = Baker;
			sourceTree = "<group>";
		};
		ABAFB59215AB9A2E002FA498 /* Supporting Files */ = {
			isa = PBXGroup;
			children = (
				20CC551F16AD346900DEFB5C /* Localizable.strings */,
				BF3CCC9D15D080560087B9CA /* icon */,
				ABAFB59315AB9A2E002FA498 /* Baker-Info.plist */,
				ABAFB59715AB9A2E002FA498 /* main.m */,
				ABAFB59915AB9A2E002FA498 /* Baker-Prefix.pch */,
			);
			name = "Supporting Files";
			sourceTree = "<group>";
		};
		BF3CCC9D15D080560087B9CA /* icon */ = {
			isa = PBXGroup;
			children = (
			);
			path = icon;
			sourceTree = "<group>";
		};
/* End PBXGroup section */

/* Begin PBXNativeTarget section */
		ABAFB58615AB9A2E002FA498 /* Baker */ = {
			isa = PBXNativeTarget;
			buildConfigurationList = ABAFB5B415AB9A2F002FA498 /* Build configuration list for PBXNativeTarget "Baker" */;
			buildPhases = (
				ABAFB58315AB9A2E002FA498 /* Sources */,
				ABAFB58415AB9A2E002FA498 /* Frameworks */,
				ABAFB58515AB9A2E002FA498 /* Resources */,
			);
			buildRules = (
			);
			dependencies = (
			);
			name = Baker;
			productName = Baker;
			productReference = ABAFB58715AB9A2E002FA498 /* Baker.app */;
			productType = "com.apple.product-type.application";
		};
/* End PBXNativeTarget section */

/* Begin PBXProject section */
		ABAFB57E15AB9A2E002FA498 /* Project object */ = {
			isa = PBXProject;
			attributes = {
				LastUpgradeCheck = 0500;
			};
			buildConfigurationList = ABAFB58115AB9A2E002FA498 /* Build configuration list for PBXProject "Baker" */;
			compatibilityVersion = "Xcode 3.2";
			developmentRegion = English;
			hasScannedForEncodings = 0;
			knownRegions = (
				en,
			);
			mainGroup = ABAFB57C15AB9A2E002FA498;
			productRefGroup = ABAFB58815AB9A2E002FA498 /* Products */;
			projectDirPath = "";
			projectRoot = "";
			targets = (
				ABAFB58615AB9A2E002FA498 /* Baker */,
			);
		};
/* End PBXProject section */

/* Begin PBXResourcesBuildPhase section */
		ABAFB58515AB9A2E002FA498 /* Resources */ = {
			isa = PBXResourcesBuildPhase;
			buildActionMask = 2147483647;
			files = (
				AB40048515B4BB8B00D87E2A /* books in Resources */,
				BF78D1B0180C8F070093DFBC /* BakerAssets.xcassets in Resources */,
				20CC551D16AD346900DEFB5C /* Localizable.strings in Resources */,
				BF0785EB1794AF4000EB988E /* info in Resources */,
			);
			runOnlyForDeploymentPostprocessing = 0;
		};
/* End PBXResourcesBuildPhase section */

/* Begin PBXSourcesBuildPhase section */
		ABAFB58315AB9A2E002FA498 /* Sources */ = {
			isa = PBXSourcesBuildPhase;
			buildActionMask = 2147483647;
			files = (
				ABAFB59815AB9A2E002FA498 /* main.m in Sources */,
				ABAFB59C15AB9A2E002FA498 /* AppDelegate.m in Sources */,
				AB40045315B4B83000D87E2A /* BakerViewController.m in Sources */,
				AB40045F15B4B83000D87E2A /* IndexViewController.m in Sources */,
				AB40046115B4B83000D87E2A /* InterceptorWindow.m in Sources */,
				AB40046315B4B83000D87E2A /* GTMNSString+HTML.m in Sources */,
				AB40046715B4B83000D87E2A /* ioapi.c in Sources */,
				AB40046915B4B83000D87E2A /* mztools.c in Sources */,
				AB40046B15B4B83000D87E2A /* unzip.c in Sources */,
				AB40046D15B4B83000D87E2A /* zip.c in Sources */,
				AB40046F15B4B83000D87E2A /* SSZipArchive.m in Sources */,
				AB40047115B4B83000D87E2A /* Utils.m in Sources */,
				AB40047315B4B83000D87E2A /* ModalViewController.m in Sources */,
				AB40047715B4B83000D87E2A /* PageTitleLabel.m in Sources */,
				9FF795A715B4C57E00899E51 /* ShelfViewController.m in Sources */,
				9F8FC1C415C55E8C0065F0A3 /* BakerBook.m in Sources */,
				9F58D85115D66E870027902C /* UICustomNavigationBar.m in Sources */,
				9F58D85215D66E870027902C /* UICustomNavigationController.m in Sources */,
				9F5EB3BD15FCA3A100E13796 /* NSString+Extensions.m in Sources */,
				AB26005116011D9D00E9AA66 /* BakerBookStatus.m in Sources */,
				ABD7D45F1616FC5B008B13B5 /* BakerIssue.m in Sources */,
				ABC270D11616F3CB00AD97E9 /* IssuesManager.m in Sources */,
				ABD24C1E1620309B0042E49C /* IssueViewController.m in Sources */,
				9FAB40DA162B13CF0088E9C1 /* UIColor+Extensions.m in Sources */,
				ABD6FC4016544EAD0032BC44 /* NSData+Base64.m in Sources */,
				AB2317D4169F808000BE3BE7 /* PurchasesManager.m in Sources */,
				ABDC05AF16A4C42A00F6B63D /* JSONStatus.m in Sources */,
				ABDC05B216A4CB3900F6B63D /* ShelfStatus.m in Sources */,
				AB246A3116C5BC6E00715E25 /* NSMutableURLRequest+WebServiceClient.m in Sources */,
				ABBFD8F216C6614300BA64A4 /* NSString+UUID.m in Sources */,
				ABADF3F916C7BAD900F52F3C /* NSURL+Extensions.m in Sources */,
				AB67F5BA16EE99B2005A04F6 /* Reachability.m in Sources */,
				ABF23B1D1708418E003AA3B0 /* BakerAPI.m in Sources */,
				BFAB78D317B2A67E00E91ADE /* BakerAnalyticsEvents.m in Sources */,
			);
			runOnlyForDeploymentPostprocessing = 0;
		};
/* End PBXSourcesBuildPhase section */

/* Begin PBXVariantGroup section */
		20CC551F16AD346900DEFB5C /* Localizable.strings */ = {
			isa = PBXVariantGroup;
			children = (
				20CC551E16AD346900DEFB5C /* en */,
			);
			name = Localizable.strings;
			sourceTree = "<group>";
		};
/* End PBXVariantGroup section */

/* Begin XCBuildConfiguration section */
		ABAFB5B215AB9A2F002FA498 /* Debug */ = {
			isa = XCBuildConfiguration;
			buildSettings = {
				ALWAYS_SEARCH_USER_PATHS = NO;
				CLANG_WARN_BOOL_CONVERSION = YES;
				CLANG_WARN_CONSTANT_CONVERSION = YES;
				CLANG_WARN_EMPTY_BODY = YES;
				CLANG_WARN_ENUM_CONVERSION = YES;
				CLANG_WARN_INT_CONVERSION = YES;
				CLANG_WARN__DUPLICATE_METHOD_MATCH = YES;
				"CODE_SIGN_IDENTITY[sdk=iphoneos*]" = "iPhone Developer";
				COPY_PHASE_STRIP = NO;
				GCC_C_LANGUAGE_STANDARD = gnu99;
				GCC_DYNAMIC_NO_PIC = NO;
				GCC_OPTIMIZATION_LEVEL = 0;
				GCC_PREPROCESSOR_DEFINITIONS = (
					"DEBUG=1",
					"$(inherited)",
				);
				GCC_SYMBOLS_PRIVATE_EXTERN = NO;
				GCC_VERSION = com.apple.compilers.llvm.clang.1_0;
				GCC_WARN_ABOUT_RETURN_TYPE = YES;
				GCC_WARN_UNDECLARED_SELECTOR = YES;
				GCC_WARN_UNINITIALIZED_AUTOS = YES;
				GCC_WARN_UNUSED_FUNCTION = YES;
				GCC_WARN_UNUSED_VARIABLE = YES;
				IPHONEOS_DEPLOYMENT_TARGET = 6.0;
				ONLY_ACTIVE_ARCH = YES;
				SDKROOT = iphoneos;
				TARGETED_DEVICE_FAMILY = 2;
			};
			name = Debug;
		};
		ABAFB5B315AB9A2F002FA498 /* Release */ = {
			isa = XCBuildConfiguration;
			buildSettings = {
				ALWAYS_SEARCH_USER_PATHS = NO;
				CLANG_WARN_BOOL_CONVERSION = YES;
				CLANG_WARN_CONSTANT_CONVERSION = YES;
				CLANG_WARN_EMPTY_BODY = YES;
				CLANG_WARN_ENUM_CONVERSION = YES;
				CLANG_WARN_INT_CONVERSION = YES;
				CLANG_WARN__DUPLICATE_METHOD_MATCH = YES;
				"CODE_SIGN_IDENTITY[sdk=iphoneos*]" = "iPhone Developer";
				COPY_PHASE_STRIP = YES;
				GCC_C_LANGUAGE_STANDARD = gnu99;
				GCC_VERSION = com.apple.compilers.llvm.clang.1_0;
				GCC_WARN_ABOUT_RETURN_TYPE = YES;
				GCC_WARN_UNDECLARED_SELECTOR = YES;
				GCC_WARN_UNINITIALIZED_AUTOS = YES;
				GCC_WARN_UNUSED_FUNCTION = YES;
				GCC_WARN_UNUSED_VARIABLE = YES;
				IPHONEOS_DEPLOYMENT_TARGET = 6.0;
				OTHER_CFLAGS = "-DNS_BLOCK_ASSERTIONS=1";
				SDKROOT = iphoneos;
				TARGETED_DEVICE_FAMILY = 2;
				VALIDATE_PRODUCT = YES;
			};
			name = Release;
		};
		ABAFB5B515AB9A2F002FA498 /* Debug */ = {
			isa = XCBuildConfiguration;
			buildSettings = {
				ASSETCATALOG_COMPILER_APPICON_NAME = AppIcon;
				ASSETCATALOG_COMPILER_LAUNCHIMAGE_NAME = LaunchImage;
				GCC_PRECOMPILE_PREFIX_HEADER = YES;
				GCC_PREFIX_HEADER = "Baker/Baker-Prefix.pch";
				INFOPLIST_FILE = "Baker/Baker-Info.plist";
				IPHONEOS_DEPLOYMENT_TARGET = 7.0;
				PRODUCT_NAME = "$(TARGET_NAME)";
				TARGETED_DEVICE_FAMILY = 2;
				WRAPPER_EXTENSION = app;
			};
			name = Debug;
		};
		ABAFB5B615AB9A2F002FA498 /* Release */ = {
			isa = XCBuildConfiguration;
			buildSettings = {
				ASSETCATALOG_COMPILER_APPICON_NAME = AppIcon;
				ASSETCATALOG_COMPILER_LAUNCHIMAGE_NAME = LaunchImage;
				GCC_PRECOMPILE_PREFIX_HEADER = YES;
				GCC_PREFIX_HEADER = "Baker/Baker-Prefix.pch";
				INFOPLIST_FILE = "Baker/Baker-Info.plist";
				IPHONEOS_DEPLOYMENT_TARGET = 7.0;
				PRODUCT_NAME = "$(TARGET_NAME)";
				TARGETED_DEVICE_FAMILY = 2;
				WRAPPER_EXTENSION = app;
			};
			name = Release;
		};
/* End XCBuildConfiguration section */

/* Begin XCConfigurationList section */
		ABAFB58115AB9A2E002FA498 /* Build configuration list for PBXProject "Baker" */ = {
			isa = XCConfigurationList;
			buildConfigurations = (
				ABAFB5B215AB9A2F002FA498 /* Debug */,
				ABAFB5B315AB9A2F002FA498 /* Release */,
			);
			defaultConfigurationIsVisible = 0;
			defaultConfigurationName = Release;
		};
		ABAFB5B415AB9A2F002FA498 /* Build configuration list for PBXNativeTarget "Baker" */ = {
			isa = XCConfigurationList;
			buildConfigurations = (
				ABAFB5B515AB9A2F002FA498 /* Debug */,
				ABAFB5B615AB9A2F002FA498 /* Release */,
			);
			defaultConfigurationIsVisible = 0;
			defaultConfigurationName = Release;
		};
/* End XCConfigurationList section */
	};
	rootObject = ABAFB57E15AB9A2E002FA498 /* Project object */;
}
