// !$*UTF8*$!
{
	archiveVersion = 1;
	classes = {
	};
	objectVersion = 46;
	objects = {

/* Begin PBXBuildFile section */
		1D3623260D0F684500981E51 /* BakerAppDelegate.m in Sources */ = {isa = PBXBuildFile; fileRef = 1D3623250D0F684500981E51 /* BakerAppDelegate.m */; };
		1D60589B0D05DD56006BFB54 /* main.m in Sources */ = {isa = PBXBuildFile; fileRef = 29B97316FDCFA39411CA2CEA /* main.m */; };
		1D60589F0D05DD5A006BFB54 /* Foundation.framework in Frameworks */ = {isa = PBXBuildFile; fileRef = 1D30AB110D05D00D00671497 /* Foundation.framework */; };
		1DF5F4E00D08C38300B7A737 /* UIKit.framework in Frameworks */ = {isa = PBXBuildFile; fileRef = 1DF5F4DF0D08C38300B7A737 /* UIKit.framework */; };
		288765FD0DF74451002DB57D /* CoreGraphics.framework in Frameworks */ = {isa = PBXBuildFile; fileRef = 288765FC0DF74451002DB57D /* CoreGraphics.framework */; };
		9F123763129F133700B7E8C8 /* Downloader.m in Sources */ = {isa = PBXBuildFile; fileRef = 9F123762129F133700B7E8C8 /* Downloader.m */; };
		9F242EDA11FB344D00641757 /* QuartzCore.framework in Frameworks */ = {isa = PBXBuildFile; fileRef = 9F242ED911FB344D00641757 /* QuartzCore.framework */; };
		9F4F07F411F8DE8200375A8C /* RootViewController.m in Sources */ = {isa = PBXBuildFile; fileRef = 9F4F07F211F8DE8200375A8C /* RootViewController.m */; };
		9F6E6B5612AAA0950019EFB6 /* SSZipArchive.m in Sources */ = {isa = PBXBuildFile; fileRef = 9F6E6B4A12AAA0950019EFB6 /* SSZipArchive.m */; };
		9F6E6B5712AAA0950019EFB6 /* ioapi.c in Sources */ = {isa = PBXBuildFile; fileRef = 9F6E6B4E12AAA0950019EFB6 /* ioapi.c */; };
		9F6E6B5812AAA0950019EFB6 /* mztools.c in Sources */ = {isa = PBXBuildFile; fileRef = 9F6E6B5012AAA0950019EFB6 /* mztools.c */; };
		9F6E6B5912AAA0950019EFB6 /* unzip.c in Sources */ = {isa = PBXBuildFile; fileRef = 9F6E6B5212AAA0950019EFB6 /* unzip.c */; };
		9F6E6B5A12AAA0950019EFB6 /* zip.c in Sources */ = {isa = PBXBuildFile; fileRef = 9F6E6B5412AAA0950019EFB6 /* zip.c */; };
		9F6E6B6012AAA1BE0019EFB6 /* libz.dylib in Frameworks */ = {isa = PBXBuildFile; fileRef = 9F6E6B5F12AAA1BE0019EFB6 /* libz.dylib */; };
		BF2F99401269379900E356EF /* book in Resources */ = {isa = PBXBuildFile; fileRef = BF2F993F1269379900E356EF /* book */; };
		BFBACF331274CD38009D9595 /* ios-icon-ipad72.png in Resources */ = {isa = PBXBuildFile; fileRef = BFBACF321274CD38009D9595 /* ios-icon-ipad72.png */; };
		BFEC41E61309D9CA00628DF3 /* ios-icon-iphone57.png in Resources */ = {isa = PBXBuildFile; fileRef = BFEC41E51309D9CA00628DF3 /* ios-icon-iphone57.png */; };
		BFEC41E81309D9CE00628DF3 /* ios-icon-iphone114.png in Resources */ = {isa = PBXBuildFile; fileRef = BFEC41E71309D9CE00628DF3 /* ios-icon-iphone114.png */; };
		D21A0B86135CF1F2005D6E8A /* libOCMock.a in Frameworks */ = {isa = PBXBuildFile; fileRef = D21A0B85135CF1F2005D6E8A /* libOCMock.a */; };
		D2700BD81355BC3100889DD8 /* OCMock.framework in Frameworks */ = {isa = PBXBuildFile; fileRef = D2700BD71355BC3100889DD8 /* OCMock.framework */; };
		D2700BDB1356048800889DD8 /* OCMock.framework in Copy OCMock */ = {isa = PBXBuildFile; fileRef = D2700BD71355BC3100889DD8 /* OCMock.framework */; };
		D281D06913549EF4009F1B11 /* InterceptorWindow.m in Sources */ = {isa = PBXBuildFile; fileRef = F4EC203712862D4D008E94D1 /* InterceptorWindow.m */; };
		D281D06A13549EF4009F1B11 /* InterceptorWindowTests.m in Sources */ = {isa = PBXBuildFile; fileRef = D281D02E13546BB1009F1B11 /* InterceptorWindowTests.m */; };
		D281D06B13549F08009F1B11 /* Foundation.framework in Frameworks */ = {isa = PBXBuildFile; fileRef = 1D30AB110D05D00D00671497 /* Foundation.framework */; };
		D281D06C13549F08009F1B11 /* UIKit.framework in Frameworks */ = {isa = PBXBuildFile; fileRef = 1DF5F4DF0D08C38300B7A737 /* UIKit.framework */; };
		D281D06D13549F08009F1B11 /* CoreGraphics.framework in Frameworks */ = {isa = PBXBuildFile; fileRef = 288765FC0DF74451002DB57D /* CoreGraphics.framework */; };
		D281D06E13549F08009F1B11 /* QuartzCore.framework in Frameworks */ = {isa = PBXBuildFile; fileRef = 9F242ED911FB344D00641757 /* QuartzCore.framework */; };
		D2A198AA1375972600C6BE2F /* IndexViewController.m in Sources */ = {isa = PBXBuildFile; fileRef = D2A198A91375972600C6BE2F /* IndexViewController.m */; };
		F4EC203812862D4D008E94D1 /* InterceptorWindow.m in Sources */ = {isa = PBXBuildFile; fileRef = F4EC203712862D4D008E94D1 /* InterceptorWindow.m */; };
/* End PBXBuildFile section */

/* Begin PBXCopyFilesBuildPhase section */
		D2700BDA1356041800889DD8 /* Copy OCMock */ = {
			isa = PBXCopyFilesBuildPhase;
			buildActionMask = 2147483647;
			dstPath = "$(BUILT_PRODUCTS_DIR)";
			dstSubfolderSpec = 0;
			files = (
				D2700BDB1356048800889DD8 /* OCMock.framework in Copy OCMock */,
			);
			name = "Copy OCMock";
			runOnlyForDeploymentPostprocessing = 0;
		};
/* End PBXCopyFilesBuildPhase section */

/* Begin PBXFileReference section */
		1D30AB110D05D00D00671497 /* Foundation.framework */ = {isa = PBXFileReference; lastKnownFileType = wrapper.framework; name = Foundation.framework; path = System/Library/Frameworks/Foundation.framework; sourceTree = SDKROOT; };
		1D3623240D0F684500981E51 /* BakerAppDelegate.h */ = {isa = PBXFileReference; fileEncoding = 4; lastKnownFileType = sourcecode.c.h; path = BakerAppDelegate.h; sourceTree = "<group>"; };
		1D3623250D0F684500981E51 /* BakerAppDelegate.m */ = {isa = PBXFileReference; fileEncoding = 4; lastKnownFileType = sourcecode.c.objc; path = BakerAppDelegate.m; sourceTree = "<group>"; };
		1D6058910D05DD3D006BFB54 /* Baker.app */ = {isa = PBXFileReference; explicitFileType = wrapper.application; includeInIndex = 0; path = Baker.app; sourceTree = BUILT_PRODUCTS_DIR; };
		1DF5F4DF0D08C38300B7A737 /* UIKit.framework */ = {isa = PBXFileReference; lastKnownFileType = wrapper.framework; name = UIKit.framework; path = System/Library/Frameworks/UIKit.framework; sourceTree = SDKROOT; };
		288765FC0DF74451002DB57D /* CoreGraphics.framework */ = {isa = PBXFileReference; lastKnownFileType = wrapper.framework; name = CoreGraphics.framework; path = System/Library/Frameworks/CoreGraphics.framework; sourceTree = SDKROOT; };
		29B97316FDCFA39411CA2CEA /* main.m */ = {isa = PBXFileReference; fileEncoding = 4; lastKnownFileType = sourcecode.c.objc; path = main.m; sourceTree = "<group>"; };
		32CA4F630368D1EE00C91783 /* Baker_Prefix.pch */ = {isa = PBXFileReference; fileEncoding = 4; lastKnownFileType = sourcecode.c.h; path = Baker_Prefix.pch; sourceTree = "<group>"; };
		8D1107310486CEB800E47090 /* Baker-Info.plist */ = {isa = PBXFileReference; fileEncoding = 4; lastKnownFileType = text.plist.xml; path = "Baker-Info.plist"; plistStructureDefinitionIdentifier = "com.apple.xcode.plist.structure-definition.iphone.info-plist"; sourceTree = "<group>"; };
		9F123761129F133700B7E8C8 /* Downloader.h */ = {isa = PBXFileReference; fileEncoding = 4; lastKnownFileType = sourcecode.c.h; path = Downloader.h; sourceTree = "<group>"; };
		9F123762129F133700B7E8C8 /* Downloader.m */ = {isa = PBXFileReference; fileEncoding = 4; lastKnownFileType = sourcecode.c.objc; path = Downloader.m; sourceTree = "<group>"; };
		9F242ED911FB344D00641757 /* QuartzCore.framework */ = {isa = PBXFileReference; lastKnownFileType = wrapper.framework; name = QuartzCore.framework; path = System/Library/Frameworks/QuartzCore.framework; sourceTree = SDKROOT; };
		9F4F07F111F8DE8200375A8C /* RootViewController.h */ = {isa = PBXFileReference; fileEncoding = 4; lastKnownFileType = sourcecode.c.h; path = RootViewController.h; sourceTree = "<group>"; };
		9F4F07F211F8DE8200375A8C /* RootViewController.m */ = {isa = PBXFileReference; fileEncoding = 4; lastKnownFileType = sourcecode.c.objc; path = RootViewController.m; sourceTree = "<group>"; };
		9F6E6B4A12AAA0950019EFB6 /* SSZipArchive.m */ = {isa = PBXFileReference; fileEncoding = 4; lastKnownFileType = sourcecode.c.objc; path = SSZipArchive.m; sourceTree = "<group>"; };
		9F6E6B4B12AAA0950019EFB6 /* SSZipArchive.h */ = {isa = PBXFileReference; fileEncoding = 4; lastKnownFileType = sourcecode.c.h; path = SSZipArchive.h; sourceTree = "<group>"; };
		9F6E6B4D12AAA0950019EFB6 /* crypt.h */ = {isa = PBXFileReference; fileEncoding = 4; lastKnownFileType = sourcecode.c.h; path = crypt.h; sourceTree = "<group>"; };
		9F6E6B4E12AAA0950019EFB6 /* ioapi.c */ = {isa = PBXFileReference; fileEncoding = 4; lastKnownFileType = sourcecode.c.c; path = ioapi.c; sourceTree = "<group>"; };
		9F6E6B4F12AAA0950019EFB6 /* ioapi.h */ = {isa = PBXFileReference; fileEncoding = 4; lastKnownFileType = sourcecode.c.h; path = ioapi.h; sourceTree = "<group>"; };
		9F6E6B5012AAA0950019EFB6 /* mztools.c */ = {isa = PBXFileReference; fileEncoding = 4; lastKnownFileType = sourcecode.c.c; path = mztools.c; sourceTree = "<group>"; };
		9F6E6B5112AAA0950019EFB6 /* mztools.h */ = {isa = PBXFileReference; fileEncoding = 4; lastKnownFileType = sourcecode.c.h; path = mztools.h; sourceTree = "<group>"; };
		9F6E6B5212AAA0950019EFB6 /* unzip.c */ = {isa = PBXFileReference; fileEncoding = 4; lastKnownFileType = sourcecode.c.c; path = unzip.c; sourceTree = "<group>"; };
		9F6E6B5312AAA0950019EFB6 /* unzip.h */ = {isa = PBXFileReference; fileEncoding = 4; lastKnownFileType = sourcecode.c.h; path = unzip.h; sourceTree = "<group>"; };
		9F6E6B5412AAA0950019EFB6 /* zip.c */ = {isa = PBXFileReference; fileEncoding = 4; lastKnownFileType = sourcecode.c.c; path = zip.c; sourceTree = "<group>"; };
		9F6E6B5512AAA0950019EFB6 /* zip.h */ = {isa = PBXFileReference; fileEncoding = 4; lastKnownFileType = sourcecode.c.h; path = zip.h; sourceTree = "<group>"; };
		9F6E6B5F12AAA1BE0019EFB6 /* libz.dylib */ = {isa = PBXFileReference; lastKnownFileType = "compiled.mach-o.dylib"; name = libz.dylib; path = /usr/lib/libz.dylib; sourceTree = "<absolute>"; };
		BF2F993F1269379900E356EF /* book */ = {isa = PBXFileReference; lastKnownFileType = folder; path = book; sourceTree = "<group>"; };
		BFBACF321274CD38009D9595 /* ios-icon-ipad72.png */ = {isa = PBXFileReference; lastKnownFileType = image.png; path = "ios-icon-ipad72.png"; sourceTree = "<group>"; };
		BFEC41E51309D9CA00628DF3 /* ios-icon-iphone57.png */ = {isa = PBXFileReference; lastKnownFileType = image.png; path = "ios-icon-iphone57.png"; sourceTree = "<group>"; };
		BFEC41E71309D9CE00628DF3 /* ios-icon-iphone114.png */ = {isa = PBXFileReference; lastKnownFileType = image.png; path = "ios-icon-iphone114.png"; sourceTree = "<group>"; };
		D21A0B85135CF1F2005D6E8A /* libOCMock.a */ = {isa = PBXFileReference; lastKnownFileType = archive.ar; path = libOCMock.a; sourceTree = "<group>"; };
		D2700BD71355BC3100889DD8 /* OCMock.framework */ = {isa = PBXFileReference; lastKnownFileType = wrapper.framework; path = OCMock.framework; sourceTree = "<group>"; };
		D281D02D13546BB1009F1B11 /* InterceptorWindowTests.h */ = {isa = PBXFileReference; fileEncoding = 4; lastKnownFileType = sourcecode.c.h; path = InterceptorWindowTests.h; sourceTree = "<group>"; };
		D281D02E13546BB1009F1B11 /* InterceptorWindowTests.m */ = {isa = PBXFileReference; fileEncoding = 4; lastKnownFileType = sourcecode.c.objc; path = InterceptorWindowTests.m; sourceTree = "<group>"; };
		D281D06313549EDC009F1B11 /* UnitTests.octest */ = {isa = PBXFileReference; explicitFileType = wrapper.cfbundle; includeInIndex = 0; path = UnitTests.octest; sourceTree = BUILT_PRODUCTS_DIR; };
		D281D06413549EDC009F1B11 /* UnitTests-Info.plist */ = {isa = PBXFileReference; lastKnownFileType = text.plist.xml; path = "UnitTests-Info.plist"; sourceTree = "<group>"; };
		D2A198A81375972600C6BE2F /* IndexViewController.h */ = {isa = PBXFileReference; fileEncoding = 4; lastKnownFileType = sourcecode.c.h; path = IndexViewController.h; sourceTree = "<group>"; };
		D2A198A91375972600C6BE2F /* IndexViewController.m */ = {isa = PBXFileReference; fileEncoding = 4; lastKnownFileType = sourcecode.c.objc; path = IndexViewController.m; sourceTree = "<group>"; };
		F4EC203612862D4D008E94D1 /* InterceptorWindow.h */ = {isa = PBXFileReference; fileEncoding = 4; lastKnownFileType = sourcecode.c.h; path = InterceptorWindow.h; sourceTree = "<group>"; };
		F4EC203712862D4D008E94D1 /* InterceptorWindow.m */ = {isa = PBXFileReference; fileEncoding = 4; lastKnownFileType = sourcecode.c.objc; path = InterceptorWindow.m; sourceTree = "<group>"; };
/* End PBXFileReference section */

/* Begin PBXFrameworksBuildPhase section */
		1D60588F0D05DD3D006BFB54 /* Frameworks */ = {
			isa = PBXFrameworksBuildPhase;
			buildActionMask = 2147483647;
			files = (
				1D60589F0D05DD5A006BFB54 /* Foundation.framework in Frameworks */,
				1DF5F4E00D08C38300B7A737 /* UIKit.framework in Frameworks */,
				288765FD0DF74451002DB57D /* CoreGraphics.framework in Frameworks */,
				9F242EDA11FB344D00641757 /* QuartzCore.framework in Frameworks */,
				9F6E6B6012AAA1BE0019EFB6 /* libz.dylib in Frameworks */,
			);
			runOnlyForDeploymentPostprocessing = 0;
		};
		D281D06013549EDC009F1B11 /* Frameworks */ = {
			isa = PBXFrameworksBuildPhase;
			buildActionMask = 2147483647;
			files = (
				D281D06B13549F08009F1B11 /* Foundation.framework in Frameworks */,
				D281D06C13549F08009F1B11 /* UIKit.framework in Frameworks */,
				D281D06D13549F08009F1B11 /* CoreGraphics.framework in Frameworks */,
				D281D06E13549F08009F1B11 /* QuartzCore.framework in Frameworks */,
				D2700BD81355BC3100889DD8 /* OCMock.framework in Frameworks */,
				D21A0B86135CF1F2005D6E8A /* libOCMock.a in Frameworks */,
			);
			runOnlyForDeploymentPostprocessing = 0;
		};
/* End PBXFrameworksBuildPhase section */

/* Begin PBXGroup section */
		080E96DDFE201D6D7F000001 /* Classes */ = {
			isa = PBXGroup;
			children = (
				D2A198A81375972600C6BE2F /* IndexViewController.h */,
				D2A198A91375972600C6BE2F /* IndexViewController.m */,
				9F6E6B4A12AAA0950019EFB6 /* SSZipArchive.m */,
				9F6E6B4B12AAA0950019EFB6 /* SSZipArchive.h */,
				9F6E6B4C12AAA0950019EFB6 /* minizip */,
				9F4F07F111F8DE8200375A8C /* RootViewController.h */,
				9F4F07F211F8DE8200375A8C /* RootViewController.m */,
				1D3623240D0F684500981E51 /* BakerAppDelegate.h */,
				1D3623250D0F684500981E51 /* BakerAppDelegate.m */,
				F4EC203612862D4D008E94D1 /* InterceptorWindow.h */,
				F4EC203712862D4D008E94D1 /* InterceptorWindow.m */,
				9F123761129F133700B7E8C8 /* Downloader.h */,
				9F123762129F133700B7E8C8 /* Downloader.m */,
			);
			path = Classes;
			sourceTree = "<group>";
		};
		19C28FACFE9D520D11CA2CBB /* Products */ = {
			isa = PBXGroup;
			children = (
				1D6058910D05DD3D006BFB54 /* Baker.app */,
				D281D06313549EDC009F1B11 /* UnitTests.octest */,
			);
			name = Products;
			sourceTree = "<group>";
		};
		29B97314FDCFA39411CA2CEA /* CustomTemplate */ = {
			isa = PBXGroup;
			children = (
				BF2F993F1269379900E356EF /* book */,
				080E96DDFE201D6D7F000001 /* Classes */,
				D281CE9B13545C0E009F1B11 /* Tests */,
				29B97315FDCFA39411CA2CEA /* Other Sources */,
				29B97317FDCFA39411CA2CEA /* Resources */,
				29B97323FDCFA39411CA2CEA /* Frameworks */,
				19C28FACFE9D520D11CA2CBB /* Products */,
				D281D06413549EDC009F1B11 /* UnitTests-Info.plist */,
			);
			name = CustomTemplate;
			sourceTree = "<group>";
		};
		29B97315FDCFA39411CA2CEA /* Other Sources */ = {
			isa = PBXGroup;
			children = (
				32CA4F630368D1EE00C91783 /* Baker_Prefix.pch */,
				29B97316FDCFA39411CA2CEA /* main.m */,
			);
			name = "Other Sources";
			sourceTree = "<group>";
		};
		29B97317FDCFA39411CA2CEA /* Resources */ = {
			isa = PBXGroup;
			children = (
				BFEC41E51309D9CA00628DF3 /* ios-icon-iphone57.png */,
				BFEC41E71309D9CE00628DF3 /* ios-icon-iphone114.png */,
				BFBACF321274CD38009D9595 /* ios-icon-ipad72.png */,
				8D1107310486CEB800E47090 /* Baker-Info.plist */,
			);
			name = Resources;
			sourceTree = "<group>";
		};
		29B97323FDCFA39411CA2CEA /* Frameworks */ = {
			isa = PBXGroup;
			children = (
				1DF5F4DF0D08C38300B7A737 /* UIKit.framework */,
				1D30AB110D05D00D00671497 /* Foundation.framework */,
				288765FC0DF74451002DB57D /* CoreGraphics.framework */,
				9F242ED911FB344D00641757 /* QuartzCore.framework */,
				9F6E6B5F12AAA1BE0019EFB6 /* libz.dylib */,
			);
			name = Frameworks;
			sourceTree = "<group>";
		};
		9F6E6B4C12AAA0950019EFB6 /* minizip */ = {
			isa = PBXGroup;
			children = (
				9F6E6B4D12AAA0950019EFB6 /* crypt.h */,
				9F6E6B4E12AAA0950019EFB6 /* ioapi.c */,
				9F6E6B4F12AAA0950019EFB6 /* ioapi.h */,
				9F6E6B5012AAA0950019EFB6 /* mztools.c */,
				9F6E6B5112AAA0950019EFB6 /* mztools.h */,
				9F6E6B5212AAA0950019EFB6 /* unzip.c */,
				9F6E6B5312AAA0950019EFB6 /* unzip.h */,
				9F6E6B5412AAA0950019EFB6 /* zip.c */,
				9F6E6B5512AAA0950019EFB6 /* zip.h */,
			);
			path = minizip;
			sourceTree = "<group>";
		};
		D2700BD61355BC0800889DD8 /* Frameworks */ = {
			isa = PBXGroup;
			children = (
				D21A0B85135CF1F2005D6E8A /* libOCMock.a */,
				D2700BD71355BC3100889DD8 /* OCMock.framework */,
			);
			name = Frameworks;
			sourceTree = "<group>";
		};
		D281CE9B13545C0E009F1B11 /* Tests */ = {
			isa = PBXGroup;
			children = (
				D2700BD61355BC0800889DD8 /* Frameworks */,
				D281D02D13546BB1009F1B11 /* InterceptorWindowTests.h */,
				D281D02E13546BB1009F1B11 /* InterceptorWindowTests.m */,
			);
			name = Tests;
			sourceTree = "<group>";
		};
/* End PBXGroup section */

/* Begin PBXNativeTarget section */
		1D6058900D05DD3D006BFB54 /* Baker */ = {
			isa = PBXNativeTarget;
			buildConfigurationList = 1D6058960D05DD3E006BFB54 /* Build configuration list for PBXNativeTarget "Baker" */;
			buildPhases = (
				1D60588D0D05DD3D006BFB54 /* Resources */,
				1D60588E0D05DD3D006BFB54 /* Sources */,
				1D60588F0D05DD3D006BFB54 /* Frameworks */,
			);
			buildRules = (
			);
			dependencies = (
			);
			name = Baker;
			productName = Baker;
			productReference = 1D6058910D05DD3D006BFB54 /* Baker.app */;
			productType = "com.apple.product-type.application";
		};
		D281D06213549EDC009F1B11 /* UnitTests */ = {
			isa = PBXNativeTarget;
			buildConfigurationList = D281D06813549EDD009F1B11 /* Build configuration list for PBXNativeTarget "UnitTests" */;
			buildPhases = (
				D281D05E13549EDC009F1B11 /* Resources */,
				D281D05F13549EDC009F1B11 /* Sources */,
				D2700BDA1356041800889DD8 /* Copy OCMock */,
				D281D06013549EDC009F1B11 /* Frameworks */,
				D281D06113549EDC009F1B11 /* ShellScript */,
			);
			buildRules = (
			);
			dependencies = (
			);
			name = UnitTests;
			productName = UnitTests;
			productReference = D281D06313549EDC009F1B11 /* UnitTests.octest */;
			productType = "com.apple.product-type.bundle";
		};
/* End PBXNativeTarget section */

/* Begin PBXProject section */
		29B97313FDCFA39411CA2CEA /* Project object */ = {
			isa = PBXProject;
			buildConfigurationList = C01FCF4E08A954540054247B /* Build configuration list for PBXProject "Baker" */;
			compatibilityVersion = "Xcode 3.2";
			developmentRegion = English;
			hasScannedForEncodings = 1;
			knownRegions = (
				English,
				Japanese,
				French,
				German,
				en,
			);
			mainGroup = 29B97314FDCFA39411CA2CEA /* CustomTemplate */;
			projectDirPath = "";
			projectRoot = "";
			targets = (
				1D6058900D05DD3D006BFB54 /* Baker */,
				D281D06213549EDC009F1B11 /* UnitTests */,
			);
		};
/* End PBXProject section */

/* Begin PBXResourcesBuildPhase section */
		1D60588D0D05DD3D006BFB54 /* Resources */ = {
			isa = PBXResourcesBuildPhase;
			buildActionMask = 2147483647;
			files = (
				BF2F99401269379900E356EF /* book in Resources */,
				BFBACF331274CD38009D9595 /* ios-icon-ipad72.png in Resources */,
				BFEC41E61309D9CA00628DF3 /* ios-icon-iphone57.png in Resources */,
				BFEC41E81309D9CE00628DF3 /* ios-icon-iphone114.png in Resources */,
			);
			runOnlyForDeploymentPostprocessing = 0;
		};
		D281D05E13549EDC009F1B11 /* Resources */ = {
			isa = PBXResourcesBuildPhase;
			buildActionMask = 2147483647;
			files = (
			);
			runOnlyForDeploymentPostprocessing = 0;
		};
/* End PBXResourcesBuildPhase section */

/* Begin PBXShellScriptBuildPhase section */
		D281D06113549EDC009F1B11 /* ShellScript */ = {
			isa = PBXShellScriptBuildPhase;
			buildActionMask = 2147483647;
			files = (
			);
			inputPaths = (
			);
			outputPaths = (
			);
			runOnlyForDeploymentPostprocessing = 0;
			shellPath = /bin/sh;
			shellScript = "# Run the unit tests in this test bundle.\n\"${SYSTEM_DEVELOPER_DIR}/Tools/RunUnitTests\"\n";
		};
/* End PBXShellScriptBuildPhase section */

/* Begin PBXSourcesBuildPhase section */
		1D60588E0D05DD3D006BFB54 /* Sources */ = {
			isa = PBXSourcesBuildPhase;
			buildActionMask = 2147483647;
			files = (
				1D60589B0D05DD56006BFB54 /* main.m in Sources */,
				1D3623260D0F684500981E51 /* BakerAppDelegate.m in Sources */,
				9F4F07F411F8DE8200375A8C /* RootViewController.m in Sources */,
				F4EC203812862D4D008E94D1 /* InterceptorWindow.m in Sources */,
				9F123763129F133700B7E8C8 /* Downloader.m in Sources */,
				9F6E6B5612AAA0950019EFB6 /* SSZipArchive.m in Sources */,
				9F6E6B5712AAA0950019EFB6 /* ioapi.c in Sources */,
				9F6E6B5812AAA0950019EFB6 /* mztools.c in Sources */,
				9F6E6B5912AAA0950019EFB6 /* unzip.c in Sources */,
				9F6E6B5A12AAA0950019EFB6 /* zip.c in Sources */,
				D2A198AA1375972600C6BE2F /* IndexViewController.m in Sources */,
			);
			runOnlyForDeploymentPostprocessing = 0;
		};
		D281D05F13549EDC009F1B11 /* Sources */ = {
			isa = PBXSourcesBuildPhase;
			buildActionMask = 2147483647;
			files = (
				D281D06913549EF4009F1B11 /* InterceptorWindow.m in Sources */,
				D281D06A13549EF4009F1B11 /* InterceptorWindowTests.m in Sources */,
			);
			runOnlyForDeploymentPostprocessing = 0;
		};
/* End PBXSourcesBuildPhase section */

/* Begin XCBuildConfiguration section */
		1D6058940D05DD3E006BFB54 /* Debug */ = {
			isa = XCBuildConfiguration;
			buildSettings = {
				ALWAYS_SEARCH_USER_PATHS = NO;
				COPY_PHASE_STRIP = NO;
				FRAMEWORK_SEARCH_PATHS = (
					"$(inherited)",
					"\"$(SRCROOT)\"",
				);
				GCC_DYNAMIC_NO_PIC = NO;
				GCC_OPTIMIZATION_LEVEL = 0;
				GCC_PRECOMPILE_PREFIX_HEADER = YES;
				GCC_PREFIX_HEADER = Baker_Prefix.pch;
				INFOPLIST_FILE = "Baker-Info.plist";
				OTHER_LDFLAGS = "";
				PRODUCT_NAME = Baker;
				SDKROOT = iphoneos;
			};
			name = Debug;
		};
		1D6058950D05DD3E006BFB54 /* Release */ = {
			isa = XCBuildConfiguration;
			buildSettings = {
				ALWAYS_SEARCH_USER_PATHS = NO;
				COPY_PHASE_STRIP = YES;
				FRAMEWORK_SEARCH_PATHS = (
					"$(inherited)",
					"\"$(SRCROOT)\"",
				);
				GCC_PRECOMPILE_PREFIX_HEADER = YES;
				GCC_PREFIX_HEADER = Baker_Prefix.pch;
				INFOPLIST_FILE = "Baker-Info.plist";
				OTHER_LDFLAGS = "";
				PRODUCT_NAME = Baker;
				SDKROOT = iphoneos;
				VALIDATE_PRODUCT = YES;
			};
			name = Release;
		};
		9FF803A212473115006DC21D /* Analyze */ = {
			isa = XCBuildConfiguration;
			buildSettings = {
				ARCHS = "$(ARCHS_STANDARD_32_BIT)";
				"CODE_SIGN_IDENTITY[sdk=iphoneos*]" = "iPhone Developer";
				GCC_C_LANGUAGE_STANDARD = c99;
				GCC_WARN_ABOUT_RETURN_TYPE = YES;
				GCC_WARN_UNUSED_VARIABLE = YES;
				PREBINDING = NO;
				"PROVISIONING_PROFILE[sdk=iphoneos*]" = "";
				RUN_CLANG_STATIC_ANALYZER = YES;
				SDKROOT = iphoneos;
				TARGETED_DEVICE_FAMILY = 2;
			};
			name = Analyze;
		};
		9FF803A312473115006DC21D /* Analyze */ = {
			isa = XCBuildConfiguration;
			buildSettings = {
				ALWAYS_SEARCH_USER_PATHS = NO;
				COPY_PHASE_STRIP = NO;
				FRAMEWORK_SEARCH_PATHS = (
					"$(inherited)",
					"\"$(SRCROOT)\"",
				);
				GCC_DYNAMIC_NO_PIC = NO;
				GCC_OPTIMIZATION_LEVEL = 0;
				GCC_PRECOMPILE_PREFIX_HEADER = YES;
				GCC_PREFIX_HEADER = Baker_Prefix.pch;
				INFOPLIST_FILE = "Baker-Info.plist";
				OTHER_LDFLAGS = "";
				PRODUCT_NAME = Baker;
				SDKROOT = iphoneos;
			};
			name = Analyze;
		};
		C01FCF4F08A954540054247B /* Debug */ = {
			isa = XCBuildConfiguration;
			buildSettings = {
				ARCHS = "$(ARCHS_STANDARD_32_BIT)";
				"CODE_SIGN_IDENTITY[sdk=iphoneos*]" = "iPhone Developer";
				GCC_C_LANGUAGE_STANDARD = c99;
				GCC_WARN_ABOUT_RETURN_TYPE = YES;
				GCC_WARN_UNUSED_VARIABLE = YES;
				PREBINDING = NO;
				"PROVISIONING_PROFILE[sdk=iphoneos*]" = "";
				SDKROOT = iphoneos;
				TARGETED_DEVICE_FAMILY = 2;
			};
			name = Debug;
		};
		C01FCF5008A954540054247B /* Release */ = {
			isa = XCBuildConfiguration;
			buildSettings = {
				ARCHS = "$(ARCHS_STANDARD_32_BIT)";
				"CODE_SIGN_IDENTITY[sdk=iphoneos*]" = "iPhone Developer";
				GCC_C_LANGUAGE_STANDARD = c99;
				GCC_WARN_ABOUT_RETURN_TYPE = YES;
				GCC_WARN_UNUSED_VARIABLE = YES;
				OTHER_CFLAGS = "-DNS_BLOCK_ASSERTIONS=1";
				PREBINDING = NO;
				"PROVISIONING_PROFILE[sdk=iphoneos*]" = "";
				SDKROOT = iphoneos;
				TARGETED_DEVICE_FAMILY = 2;
			};
			name = Release;
		};
		D281D06513549EDC009F1B11 /* Debug */ = {
			isa = XCBuildConfiguration;
			buildSettings = {
				ALWAYS_SEARCH_USER_PATHS = NO;
				"CODE_SIGN_IDENTITY[sdk=iphoneos*]" = "";
				COPY_PHASE_STRIP = NO;
				FRAMEWORK_SEARCH_PATHS = (
					"\"$(SDKROOT)/Developer/Library/Frameworks\"",
					"\"$(DEVELOPER_LIBRARY_DIR)/Frameworks\"",
					"\"$(SRCROOT)\"",
				);
				GCC_DYNAMIC_NO_PIC = NO;
				GCC_ENABLE_FIX_AND_CONTINUE = NO;
				GCC_ENABLE_OBJC_EXCEPTIONS = YES;
				GCC_OPTIMIZATION_LEVEL = 0;
				INFOPLIST_FILE = "UnitTests-Info.plist";
				LIBRARY_SEARCH_PATHS = (
					"$(inherited)",
					"\"$(SRCROOT)\"",
				);
				OTHER_LDFLAGS = (
					"-OjbC",
					"-force_load",
					"$(PROJECT_DIR)/libOCMock.a",
					"-framework",
					Foundation,
					"-framework",
					SenTestingKit,
					"-framework",
					UIKit,
				);
				PREBINDING = NO;
				PRODUCT_NAME = UnitTests;
				SDKROOT = iphoneos;
				WRAPPER_EXTENSION = octest;
			};
			name = Debug;
		};
		D281D06613549EDC009F1B11 /* Analyze */ = {
			isa = XCBuildConfiguration;
			buildSettings = {
				ALWAYS_SEARCH_USER_PATHS = NO;
				"CODE_SIGN_IDENTITY[sdk=iphoneos*]" = "";
				FRAMEWORK_SEARCH_PATHS = (
					"\"$(SDKROOT)/Developer/Library/Frameworks\"",
					"\"$(DEVELOPER_LIBRARY_DIR)/Frameworks\"",
					"\"$(SRCROOT)\"",
				);
				GCC_ENABLE_FIX_AND_CONTINUE = NO;
				GCC_ENABLE_OBJC_EXCEPTIONS = YES;
				INFOPLIST_FILE = "UnitTests-Info.plist";
				LIBRARY_SEARCH_PATHS = (
					"$(inherited)",
					"\"$(SRCROOT)\"",
				);
				OTHER_LDFLAGS = (
					"-OjbC",
					"-force_load",
					"$(PROJECT_DIR)/libOCMock.a",
					"-framework",
					Foundation,
					"-framework",
					SenTestingKit,
					"-framework",
					UIKit,
				);
				PREBINDING = NO;
				PRODUCT_NAME = UnitTests;
				SDKROOT = iphoneos;
				WRAPPER_EXTENSION = octest;
			};
			name = Analyze;
		};
		D281D06713549EDC009F1B11 /* Release */ = {
			isa = XCBuildConfiguration;
			buildSettings = {
				ALWAYS_SEARCH_USER_PATHS = NO;
				"CODE_SIGN_IDENTITY[sdk=iphoneos*]" = "";
				COPY_PHASE_STRIP = YES;
				DEBUG_INFORMATION_FORMAT = "dwarf-with-dsym";
				FRAMEWORK_SEARCH_PATHS = (
					"\"$(SDKROOT)/Developer/Library/Frameworks\"",
					"\"$(DEVELOPER_LIBRARY_DIR)/Frameworks\"",
					"\"$(SRCROOT)\"",
				);
				GCC_ENABLE_FIX_AND_CONTINUE = NO;
				GCC_ENABLE_OBJC_EXCEPTIONS = YES;
				INFOPLIST_FILE = "UnitTests-Info.plist";
				LIBRARY_SEARCH_PATHS = (
					"$(inherited)",
					"\"$(SRCROOT)\"",
				);
				OTHER_LDFLAGS = (
					"-OjbC",
					"-force_load",
					"$(PROJECT_DIR)/libOCMock.a",
					"-framework",
					Foundation,
					"-framework",
					SenTestingKit,
					"-framework",
					UIKit,
				);
				PREBINDING = NO;
				PRODUCT_NAME = UnitTests;
				SDKROOT = iphoneos;
				WRAPPER_EXTENSION = octest;
				ZERO_LINK = NO;
			};
			name = Release;
		};
/* End XCBuildConfiguration section */

/* Begin XCConfigurationList section */
		1D6058960D05DD3E006BFB54 /* Build configuration list for PBXNativeTarget "Baker" */ = {
			isa = XCConfigurationList;
			buildConfigurations = (
				1D6058940D05DD3E006BFB54 /* Debug */,
				9FF803A312473115006DC21D /* Analyze */,
				1D6058950D05DD3E006BFB54 /* Release */,
			);
			defaultConfigurationIsVisible = 0;
			defaultConfigurationName = Release;
		};
		C01FCF4E08A954540054247B /* Build configuration list for PBXProject "Baker" */ = {
			isa = XCConfigurationList;
			buildConfigurations = (
				C01FCF4F08A954540054247B /* Debug */,
				9FF803A212473115006DC21D /* Analyze */,
				C01FCF5008A954540054247B /* Release */,
			);
			defaultConfigurationIsVisible = 0;
			defaultConfigurationName = Release;
		};
		D281D06813549EDD009F1B11 /* Build configuration list for PBXNativeTarget "UnitTests" */ = {
			isa = XCConfigurationList;
			buildConfigurations = (
				D281D06513549EDC009F1B11 /* Debug */,
				D281D06613549EDC009F1B11 /* Analyze */,
				D281D06713549EDC009F1B11 /* Release */,
			);
			defaultConfigurationIsVisible = 0;
			defaultConfigurationName = Release;
		};
/* End XCConfigurationList section */
	};
	rootObject = 29B97313FDCFA39411CA2CEA /* Project object */;
}
